
Microsoft Visual Studio Solution File, Format Version 12.00
# Visual Studio Version 17
VisualStudioVersion = 17.0.31903.59
MinimumVisualStudioVersion = 10.0.40219.1
Project("{FAE04EC0-301F-11D3-BF4B-00C04F79EFBC}") = "ScanWorker", "ScanWorker\ScanWorker.csproj", "{8589BF4B-4883-4892-ACFC-E21225C0D51C}"
EndProject
Project("{FAE04EC0-301F-11D3-BF4B-00C04F79EFBC}") = "ScanWorker.Tests", "ScanWorker.Tests\ScanWorker.Tests.csproj", "{430C64A4-D286-4836-A803-8CC21B55C4BB}"
EndProject
Global
	GlobalSection(SolutionConfigurationPlatforms) = preSolution
		Debug|Any CPU = Debug|Any CPU
		Release|Any CPU = Release|Any CPU
	EndGlobalSection
	GlobalSection(SolutionProperties) = preSolution
		HideSolutionNode = FALSE
	EndGlobalSection
	GlobalSection(ProjectConfigurationPlatforms) = postSolution
		{8589BF4B-4883-4892-ACFC-E21225C0D51C}.Debug|Any CPU.ActiveCfg = Debug|Any CPU
		{8589BF4B-4883-4892-ACFC-E21225C0D51C}.Debug|Any CPU.Build.0 = Debug|Any CPU
		{8589BF4B-4883-4892-ACFC-E21225C0D51C}.Release|Any CPU.ActiveCfg = Release|Any CPU
		{8589BF4B-4883-4892-ACFC-E21225C0D51C}.Release|Any CPU.Build.0 = Release|Any CPU
		{430C64A4-D286-4836-A803-8CC21B55C4BB}.Debug|Any CPU.ActiveCfg = Debug|Any CPU
		{430C64A4-D286-4836-A803-8CC21B55C4BB}.Debug|Any CPU.Build.0 = Debug|Any CPU
		{430C64A4-D286-4836-A803-8CC21B55C4BB}.Release|Any CPU.ActiveCfg = Release|Any CPU
		{430C64A4-D286-4836-A803-8CC21B55C4BB}.Release|Any CPU.Build.0 = Release|Any CPU
	EndGlobalSection
EndGlobal
